
Microsoft Visual Studio Solution File, Format Version 12.00
# Visual Studio Version 16
VisualStudioVersion = 16.0.30503.244
MinimumVisualStudioVersion = 10.0.40219.1
Project("{FAE04EC0-301F-11D3-BF4B-00C04F79EFBC}") = "ConsoleApp1", "ConsoleApp1\ConsoleApp1.csproj", "{A67AC869-8650-4838-971A-C9A47CAA0791}"
EndProject
Global
	GlobalSection(SolutionConfigurationPlatforms) = preSolution
		Debug|Any CPU = Debug|Any CPU
		Release|Any CPU = Release|Any CPU
	EndGlobalSection
	GlobalSection(ProjectConfigurationPlatforms) = postSolution
		{A67AC869-8650-4838-971A-C9A47CAA0791}.Debug|Any CPU.ActiveCfg = Debug|Any CPU
		{A67AC869-8650-4838-971A-C9A47CAA0791}.Debug|Any CPU.Build.0 = Debug|Any CPU
		{A67AC869-8650-4838-971A-C9A47CAA0791}.Release|Any CPU.ActiveCfg = Release|Any CPU
		{A67AC869-8650-4838-971A-C9A47CAA0791}.Release|Any CPU.Build.0 = Release|Any CPU
	EndGlobalSection
	GlobalSection(SolutionProperties) = preSolution
		HideSolutionNode = FALSE
	EndGlobalSection
	GlobalSection(ExtensibilityGlobals) = postSolution
		SolutionGuid = {CDC6253C-5C0B-4783-8D4D-E47376D953E1}
	EndGlobalSection
EndGlobal
